{
  "name": "flyxc-viewer",
  "version": "1.0.0",
  "lockfileVersion": 1,
  "requires": true,
  "dependencies": {
    "@sap-theming/theming-base-content": {
      "version": "11.1.19",
      "resolved": "https://registry.npmjs.org/@sap-theming/theming-base-content/-/theming-base-content-11.1.19.tgz",
      "integrity": "sha512-0RIoniX0XgQDMfMsySvNDeXVGtH3UQRQMkJYFIkaq/nrTGSyfXT9k+B4CbTf4546dyrlLM0YoaHIOtxmMsh1ZA=="
    },
    "@types/d3-array": {
      "version": "2.0.0",
      "resolved": "https://registry.npmjs.org/@types/d3-array/-/d3-array-2.0.0.tgz",
      "integrity": "sha512-rGqfPVowNDTszSFvwoZIXvrPG7s/qKzm9piCRIH6xwTTRu7pPZ3ootULFnPkTt74B6i5lN0FpLQL24qGOw1uZA==",
      "dev": true
    },
    "@types/d3-scale-chromatic": {
      "version": "1.5.0",
      "resolved": "https://registry.npmjs.org/@types/d3-scale-chromatic/-/d3-scale-chromatic-1.5.0.tgz",
      "integrity": "sha512-9/D7cOBKdZdTCPc6re0HeSUFBM0aFzdNdmYggUWT9SRRiYSOa6Ys2xdTwHKgc1WS3gGfwTMatBOdWCS863REsg==",
      "dev": true
    },
    "@types/googlemaps": {
      "version": "3.39.11",
      "resolved": "https://registry.npmjs.org/@types/googlemaps/-/googlemaps-3.39.11.tgz",
      "integrity": "sha512-GRgIICsibETwIC3IiK1U7dluJ/+vpdhIrySiyhTgZhe6Jqwz24GZePWqSvWepZer0NafmILEGe2U4CNAuwCpbw==",
      "dev": true
    },
    "@types/pbf": {
      "version": "3.0.2",
      "resolved": "https://registry.npmjs.org/@types/pbf/-/pbf-3.0.2.tgz",
      "integrity": "sha512-EDrLIPaPXOZqDjrkzxxbX7UlJSeQVgah3i0aA4pOSzmK9zq3BIh7/MZIQxED7slJByvKM4Gc6Hypyu2lJzh3SQ==",
      "dev": true
    },
    "@ui5/webcomponents": {
      "version": "1.0.0-rc.7",
      "resolved": "https://registry.npmjs.org/@ui5/webcomponents/-/webcomponents-1.0.0-rc.7.tgz",
      "integrity": "sha512-53LSSww/fD9Cm3im8qazaBDx1ajpR3uBl+4iPU7gJU+pgt+JbNIXn6sw/kZOtK5ErltdxMhjICrHtJcMpDxRvw==",
      "requires": {
        "@ui5/webcomponents-base": "0.20.0",
        "@ui5/webcomponents-icons": "1.0.0-rc.7",
        "@ui5/webcomponents-localization": "0.20.0",
        "@ui5/webcomponents-theme-base": "1.0.0-rc.7"
      }
    },
    "@ui5/webcomponents-base": {
      "version": "0.20.0",
      "resolved": "https://registry.npmjs.org/@ui5/webcomponents-base/-/webcomponents-base-0.20.0.tgz",
      "integrity": "sha512-toVy/QYmWtDJDh/wZF6vgFnnoovjr9OJwhnL6e8qWqM0/iECtkJ78hTjrSvxDfXRzKWJG1dVeVc72pd5HLfTrA==",
      "requires": {
        "css-vars-ponyfill": "^2.1.2",
        "lit-html": "^1.0.0",
        "regenerator-runtime": "0.12.1",
        "url-search-params-polyfill": "^5.0.0"
      }
    },
    "@ui5/webcomponents-icons": {
      "version": "1.0.0-rc.7",
      "resolved": "https://registry.npmjs.org/@ui5/webcomponents-icons/-/webcomponents-icons-1.0.0-rc.7.tgz",
      "integrity": "sha512-59rTNm1aH7/rE9p8Bu1rpcBu6RJWXHi5QtZgMf78mtCzdYn0SR4epRJElbQ0Y7EgPzFsipk9p6Jr6HrUYRdMcg==",
      "requires": {
        "@ui5/webcomponents-base": "0.20.0"
      }
    },
    "@ui5/webcomponents-localization": {
      "version": "0.20.0",
      "resolved": "https://registry.npmjs.org/@ui5/webcomponents-localization/-/webcomponents-localization-0.20.0.tgz",
      "integrity": "sha512-rrmq1A7WVesJcbnGUsNS2aLVTReLxv4l7q7A9j+IjjQHa5FP2/vs1dWeYmEKIRT5yu4b3dHP9usRMIgoZtZXRw==",
      "requires": {
        "@ui5/webcomponents-base": "0.20.0"
      }
    },
    "@ui5/webcomponents-theme-base": {
      "version": "1.0.0-rc.7",
      "resolved": "https://registry.npmjs.org/@ui5/webcomponents-theme-base/-/webcomponents-theme-base-1.0.0-rc.7.tgz",
      "integrity": "sha512-8wKH3A5aI0sg3jz/uBNG++kGgiEh8/OJdjSW3M2bvV+7vvGLOCW8rH5Cv7hdJ/9PsImLqSajLyzQEQf/ueRcIw==",
      "requires": {
        "@sap-theming/theming-base-content": "11.1.19",
        "@ui5/webcomponents-base": "0.20.0"
      }
    },
    "cookiesjs": {
      "version": "3.0.3",
      "resolved": "https://registry.npmjs.org/cookiesjs/-/cookiesjs-3.0.3.tgz",
      "integrity": "sha512-4JX4/PRX5KpRws2Ql6R5nCkNGpgYUvkg147XPmiJ6G/9JW91WHxWvtm2XHv3WRx2iLaML4QwOysFtDJSrH4kVw=="
    },
    "css-vars-ponyfill": {
      "version": "2.3.2",
      "resolved": "https://registry.npmjs.org/css-vars-ponyfill/-/css-vars-ponyfill-2.3.2.tgz",
      "integrity": "sha512-XkZfj0ROhem0Zdv44+LF15COsYmxnqL7Wd/gvwuWAauYoALbt2x94b6dIKF9fB6SIyOMYEQngA82t9RnC6b/aw=="
    },
    "d3-array": {
      "version": "2.5.0",
      "resolved": "https://registry.npmjs.org/d3-array/-/d3-array-2.5.0.tgz",
      "integrity": "sha512-U+CrYn19GmiKeI9qU1RLV1p5ZodBKXw64k9Z3Id6d11LLuZ4JdyCnMT6W/2b84bvqEMFU15zg/JC3/oRYTanVg=="
    },
    "d3-color": {
      "version": "1.3.0",
      "resolved": "https://registry.npmjs.org/d3-color/-/d3-color-1.3.0.tgz",
      "integrity": "sha512-NHODMBlj59xPAwl2BDiO2Mog6V+PrGRtBfWKqKRrs9MCqlSkIEb0Z/SfY7jW29ReHTDC/j+vwXhnZcXI3+3fbg=="
    },
    "d3-interpolate": {
      "version": "1.3.2",
      "resolved": "https://registry.npmjs.org/d3-interpolate/-/d3-interpolate-1.3.2.tgz",
      "integrity": "sha512-NlNKGopqaz9qM1PXh9gBF1KSCVh+jSFErrSlD/4hybwoNX/gt1d8CDbDW+3i+5UOHhjC6s6nMvRxcuoMVNgL2w==",
      "requires": {
        "d3-color": "1"
      }
    },
    "d3-scale-chromatic": {
      "version": "1.5.0",
      "resolved": "https://registry.npmjs.org/d3-scale-chromatic/-/d3-scale-chromatic-1.5.0.tgz",
      "integrity": "sha512-ACcL46DYImpRFMBcpk9HhtIyC7bTBR4fNOPxwVSl0LfulDAwyiHyPOTqcDG1+t5d4P9W7t/2NAuWu59aKko/cg==",
      "requires": {
        "d3-color": "1",
        "d3-interpolate": "1"
      }
    },
    "estree-walker": {
      "version": "0.6.1",
      "resolved": "https://registry.npmjs.org/estree-walker/-/estree-walker-0.6.1.tgz",
      "integrity": "sha512-SqmZANLWS0mnatqbSfRP5g8OXZC12Fgg1IwNtLsyHDzJizORW4khDfjPqJZsemPWBB2uqykUah5YpQ6epsqC/w==",
      "dev": true
    },
    "ieee754": {
      "version": "1.1.13",
      "resolved": "https://registry.npmjs.org/ieee754/-/ieee754-1.1.13.tgz",
      "integrity": "sha512-4vf7I2LYV/HaWerSo3XmlMkp5eZ83i+/CDluXi/IGTs/O1sejBNhTtnxzmRZfvOUqj7lZjqHkeTvpgSFDlWZTg=="
    },
    "js-tokens": {
      "version": "4.0.0",
      "resolved": "https://registry.npmjs.org/js-tokens/-/js-tokens-4.0.0.tgz",
      "integrity": "sha512-RdJUflcE3cUzKiMqQgsCu06FPu9UdIJO0beYbPhHN4k6apgJtifcoCtT9bcxOpYBtpD2kCM6Sbzg4CausW/PKQ=="
    },
    "lit-element": {
      "version": "2.3.1",
      "resolved": "https://registry.npmjs.org/lit-element/-/lit-element-2.3.1.tgz",
      "integrity": "sha512-tOcUAmeO3BzwiQ7FGWdsshNvC0HVHcTFYw/TLIImmKwXYoV0E7zCBASa8IJ7DiP4cen/Yoj454gS0qqTnIGsFA==",
      "requires": {
        "lit-html": "^1.1.1"
      }
    },
    "lit-html": {
      "version": "1.2.1",
      "resolved": "https://registry.npmjs.org/lit-html/-/lit-html-1.2.1.tgz",
      "integrity": "sha512-GSJHHXMGLZDzTRq59IUfL9FCdAlGfqNp/dEa7k7aBaaWD+JKaCjsAk9KYm2V12ItonVaYx2dprN66Zdm1AuBTQ=="
    },
    "loose-envify": {
      "version": "1.4.0",
      "resolved": "https://registry.npmjs.org/loose-envify/-/loose-envify-1.4.0.tgz",
      "integrity": "sha512-lyuxPGr/Wfhrlem2CL/UcnUc1zcqKAImBDzukY7Y5F/yQiNdko6+fRLevlw1HgMySw7f611UIY408EtxRSoK3Q==",
      "requires": {
        "js-tokens": "^3.0.0 || ^4.0.0"
      }
    },
    "pbf": {
      "version": "3.2.1",
      "resolved": "https://registry.npmjs.org/pbf/-/pbf-3.2.1.tgz",
      "integrity": "sha512-ClrV7pNOn7rtmoQVF4TS1vyU0WhYRnP92fzbfF75jAIwpnzdJXf8iTd4CMEqO4yUenH6NDqLiwjqlh6QgZzgLQ==",
      "requires": {
        "ieee754": "^1.1.12",
        "resolve-protobuf-schema": "^2.1.0"
      }
    },
    "protocol-buffers-schema": {
      "version": "3.3.2",
      "resolved": "https://registry.npmjs.org/protocol-buffers-schema/-/protocol-buffers-schema-3.3.2.tgz",
      "integrity": "sha512-Xdayp8sB/mU+sUV4G7ws8xtYMGdQnxbeIfLjyO9TZZRJdztBGhlmbI5x1qcY4TG5hBkIKGnc28i7nXxaugu88w=="
    },
    "pwa-helpers": {
      "version": "0.9.1",
      "resolved": "https://registry.npmjs.org/pwa-helpers/-/pwa-helpers-0.9.1.tgz",
      "integrity": "sha512-4sP/C9sSxQ3w80AATmvCEI3R+MHzCwr2RSZEbLyMkeJgV3cRk7ySZRUrQnBDSA7A0/z6dkYtjuXlkhN1ZFw3iA=="
    },
    "redux": {
      "version": "4.0.5",
      "resolved": "https://registry.npmjs.org/redux/-/redux-4.0.5.tgz",
      "integrity": "sha512-VSz1uMAH24DM6MF72vcojpYPtrTUu3ByVWfPL1nPfVRb5mZVTve5GnNCUV53QM/BZ66xfWrm0CTWoM+Xlz8V1w==",
      "requires": {
        "loose-envify": "^1.4.0",
        "symbol-observable": "^1.2.0"
      }
    },
    "redux-thunk": {
      "version": "2.3.0",
      "resolved": "https://registry.npmjs.org/redux-thunk/-/redux-thunk-2.3.0.tgz",
      "integrity": "sha512-km6dclyFnmcvxhAcrQV2AkZmPQjzPDjgVlQtR0EQjxZPyJ0BnMf3in1ryuR8A2qU0HldVRfxYXbFSKlI3N7Slw=="
    },
    "regenerator-runtime": {
      "version": "0.12.1",
      "resolved": "https://registry.npmjs.org/regenerator-runtime/-/regenerator-runtime-0.12.1.tgz",
      "integrity": "sha512-odxIc1/vDlo4iZcfXqRYFj0vpXFNoGdKMAUieAlFYO6m/nl5e9KR/beGf41z4a1FI+aQgtjhuaSlDxQ0hmkrHg=="
    },
    "reselect": {
      "version": "4.0.0",
      "resolved": "https://registry.npmjs.org/reselect/-/reselect-4.0.0.tgz",
      "integrity": "sha512-qUgANli03jjAyGlnbYVAV5vvnOmJnODyABz51RdBN7M4WaVu8mecZWgyQNkG8Yqe3KRGRt0l4K4B3XVEULC4CA=="
    },
    "resolve-protobuf-schema": {
      "version": "2.1.0",
      "resolved": "https://registry.npmjs.org/resolve-protobuf-schema/-/resolve-protobuf-schema-2.1.0.tgz",
      "integrity": "sha512-kI5ffTiZWmJaS/huM8wZfEMer1eRd7oJQhDuxeCLe3t7N7mX3z94CN0xPxBQxFYQTSNz9T0i+v6inKqSdK8xrQ==",
      "requires": {
        "protocol-buffers-schema": "^3.3.1"
      }
    },
    "rollup-plugin-json": {
      "version": "4.0.0",
      "resolved": "https://registry.npmjs.org/rollup-plugin-json/-/rollup-plugin-json-4.0.0.tgz",
      "integrity": "sha512-hgb8N7Cgfw5SZAkb3jf0QXii6QX/FOkiIq2M7BAQIEydjHvTyxXHQiIzZaTFgx1GK0cRCHOCBHIyEkkLdWKxow==",
      "dev": true,
      "requires": {
        "rollup-pluginutils": "^2.5.0"
      }
    },
    "rollup-pluginutils": {
      "version": "2.8.2",
      "resolved": "https://registry.npmjs.org/rollup-pluginutils/-/rollup-pluginutils-2.8.2.tgz",
      "integrity": "sha512-EEp9NhnUkwY8aif6bxgovPHMoMoNr2FulJziTndpt5H9RdwC47GSGuII9XxpSdzVGM0GWrNPHV6ie1LTNJPaLQ==",
      "dev": true,
      "requires": {
        "estree-walker": "^0.6.1"
      }
    },
    "symbol-observable": {
      "version": "1.2.0",
      "resolved": "https://registry.npmjs.org/symbol-observable/-/symbol-observable-1.2.0.tgz",
      "integrity": "sha512-e900nM8RRtGhlV36KGEU9k65K3mPb1WV70OdjfxlG2EAuM1noi/E/BaW/uMhL7bPEssK8QV57vN3esixjUvcXQ=="
    },
    "tslib": {
      "version": "2.0.1",
      "resolved": "https://registry.npmjs.org/tslib/-/tslib-2.0.1.tgz",
      "integrity": "sha512-SgIkNheinmEBgx1IUNirK0TUD4X9yjjBRTqqjggWCU3pUEqIk3/Uwl3yRixYKT6WjQuGiwDv4NomL3wqRCj+CQ=="
    },
    "url-search-params-polyfill": {
      "version": "5.1.0",
      "resolved": "https://registry.npmjs.org/url-search-params-polyfill/-/url-search-params-polyfill-5.1.0.tgz",
      "integrity": "sha512-yjFY7uw2xRf9e8Mg4ZVkZwtp8dMCC4cbBkEIZiTDpuSY2WJ9+Quw0wRhxncv32qaMQwmBQT+P847rO8PrFhhDA=="
    }
  }
}
