{
  "name": "flyxc-viewer",
  "version": "1.0.0",
  "lockfileVersion": 2,
  "requires": true,
  "packages": {
    "": {
      "name": "flyxc-viewer",
      "version": "1.0.0",
      "license": "ISC",
      "dependencies": {
        "@googlemaps/js-api-loader": "^1.12.1",
        "@reduxjs/toolkit": "^1.6.0",
        "d3-array": "^3.0.1",
        "esri-loader": "^3.1.0",
        "lit": "^2.1.1",
        "micro-typed-events": "^1.0.2",
        "moving-median": "^1.0.0",
        "pwa-helpers": "^0.9.1"
      },
      "devDependencies": {
        "@types/arcgis-js-api": "^4.20.0",
        "@types/d3-array": "^3.0.1",
        "@types/googlemaps": "^3.43.3"
      }
    },
    "node_modules/@babel/runtime": {
      "version": "7.14.6",
      "resolved": "https://registry.npmjs.org/@babel/runtime/-/runtime-7.14.6.tgz",
      "integrity": "sha512-/PCB2uJ7oM44tz8YhC4Z/6PeOKXp4K588f+5M3clr1M4zbqztlo0XEfJ2LEzj/FgwfgGcIdl8n7YYjTCI0BYwg==",
      "dependencies": {
        "regenerator-runtime": "^0.13.4"
      },
      "engines": {
        "node": ">=6.9.0"
      }
    },
    "node_modules/@googlemaps/js-api-loader": {
      "version": "1.12.1",
      "resolved": "https://registry.npmjs.org/@googlemaps/js-api-loader/-/js-api-loader-1.12.1.tgz",
      "integrity": "sha512-Nmk7pKn/819zIC0QTE5eA+kNmYpODQXyoCdk17nWiqx42gcb6NQEwssAuH/Aa+HeF0+ICYf5khIxDyY5njWJdg==",
      "dependencies": {
        "fast-deep-equal": "^3.1.3"
      }
    },
    "node_modules/@lit/reactive-element": {
      "version": "1.1.1",
      "resolved": "https://registry.npmjs.org/@lit/reactive-element/-/reactive-element-1.1.1.tgz",
      "integrity": "sha512-B2JdRMwCGv+VpIRj3CYVQBx3muPDeE8y+HPgWqzrAHsO5/40BpwDFZeplIV790BaTqDVUDvZOKMSbuFM9zWC0w=="
    },
    "node_modules/@reduxjs/toolkit": {
      "version": "1.6.0",
      "resolved": "https://registry.npmjs.org/@reduxjs/toolkit/-/toolkit-1.6.0.tgz",
      "integrity": "sha512-eGL50G+Vj5AG5uD0lineb6rRtbs96M8+hxbcwkHpZ8LQcmt0Bm33WyBSnj5AweLkjQ7ZP+KFRDHiLMznljRQ3A==",
      "dependencies": {
        "immer": "^9.0.1",
        "redux": "^4.1.0",
        "redux-thunk": "^2.3.0",
        "reselect": "^4.0.0"
      },
      "peerDependencies": {
        "react": "^16.14.0 || ^17.0.0",
        "react-redux": "^7.2.1"
      },
      "peerDependenciesMeta": {
        "react": {
          "optional": true
        },
        "react-redux": {
          "optional": true
        }
      }
    },
    "node_modules/@types/arcgis-js-api": {
      "version": "4.20.0",
      "resolved": "https://registry.npmjs.org/@types/arcgis-js-api/-/arcgis-js-api-4.20.0.tgz",
      "integrity": "sha512-rUL8iy/w45tgzx3tRTHvI3njWAXbo0gCOKq1yRcbOGsMNGE01tE60/vPfNL57yv0lpbD2l81i/KLR6eqh/BIWQ==",
      "dev": true
    },
    "node_modules/@types/d3-array": {
      "version": "3.0.1",
      "resolved": "https://registry.npmjs.org/@types/d3-array/-/d3-array-3.0.1.tgz",
      "integrity": "sha512-D/G7oG0czeszALrkdUiV68CDiHDxXf+M2mLVqAyKktGd12VKQQljj1sHJGBKjcK4jRH1biBd6ZPQPHpJ0mNa0w==",
      "dev": true
    },
    "node_modules/@types/googlemaps": {
      "version": "3.43.3",
      "resolved": "https://registry.npmjs.org/@types/googlemaps/-/googlemaps-3.43.3.tgz",
      "integrity": "sha512-ZWNoz/O8MPEpiajvj7QiqCY8tTLFNqNZ/a+s+zTV58wFVNAvvqV4bdGfnsjTb5Cs4V6wEsLrX8XRhmnyYJ2Tdg==",
      "dev": true
    },
    "node_modules/@types/trusted-types": {
      "version": "2.0.2",
      "resolved": "https://registry.npmjs.org/@types/trusted-types/-/trusted-types-2.0.2.tgz",
      "integrity": "sha512-F5DIZ36YVLE+PN+Zwws4kJogq47hNgX3Nx6WyDJ3kcplxyke3XIzB8uK5n/Lpm1HBsbGzd6nmGehL8cPekP+Tg=="
    },
    "node_modules/d3-array": {
      "version": "3.0.1",
      "resolved": "https://registry.npmjs.org/d3-array/-/d3-array-3.0.1.tgz",
      "integrity": "sha512-l3Bh5o8RSoC3SBm5ix6ogaFW+J6rOUm42yOtZ2sQPCEvCqUMepeX7zgrlLLGIemxgOyo9s2CsWEidnLv5PwwRw==",
      "dependencies": {
        "internmap": "1 - 2"
      },
      "engines": {
        "node": ">=12"
      }
    },
    "node_modules/esri-loader": {
      "version": "3.1.0",
      "resolved": "https://registry.npmjs.org/esri-loader/-/esri-loader-3.1.0.tgz",
      "integrity": "sha512-TwC9hDZxDWScXPt0nAz90aFJ10+X4Jh+cJTB2tbtWEzqibEEO50xLDkcQ0N+EHv9aRWRRxrSQssH+meqgM9sBg=="
    },
    "node_modules/fast-deep-equal": {
      "version": "3.1.3",
      "resolved": "https://registry.npmjs.org/fast-deep-equal/-/fast-deep-equal-3.1.3.tgz",
      "integrity": "sha512-f3qQ9oQy9j2AhBe/H9VC91wLmKBCCU/gDOnKNAYG5hswO7BLKj09Hc5HYNz9cGI++xlpDCIgDaitVs03ATR84Q=="
    },
    "node_modules/immer": {
      "version": "9.0.3",
      "resolved": "https://registry.npmjs.org/immer/-/immer-9.0.3.tgz",
      "integrity": "sha512-mONgeNSMuyjIe0lkQPa9YhdmTv8P19IeHV0biYhcXhbd5dhdB9HSK93zBpyKjp6wersSUgT5QyU0skmejUVP2A==",
      "funding": {
        "type": "opencollective",
        "url": "https://opencollective.com/immer"
      }
    },
    "node_modules/internmap": {
      "version": "1.0.1",
      "resolved": "https://registry.npmjs.org/internmap/-/internmap-1.0.1.tgz",
      "integrity": "sha512-lDB5YccMydFBtasVtxnZ3MRBHuaoE8GKsppq+EchKL2U4nK/DmEpPHNH8MZe5HkMtpSiTSOZwfN0tzYjO/lJEw=="
    },
    "node_modules/lit": {
      "version": "2.1.1",
      "resolved": "https://registry.npmjs.org/lit/-/lit-2.1.1.tgz",
      "integrity": "sha512-yqDqf36IhXwOxIQSFqCMgpfvDCRdxLCLZl7m/+tO5C9W/OBHUj17qZpiMBT35v97QMVKcKEi1KZ3hZRyTwBNsQ==",
      "dependencies": {
        "@lit/reactive-element": "^1.1.0",
        "lit-element": "^3.1.0",
        "lit-html": "^2.1.0"
      }
    },
    "node_modules/lit-element": {
      "version": "3.1.1",
      "resolved": "https://registry.npmjs.org/lit-element/-/lit-element-3.1.1.tgz",
      "integrity": "sha512-14ClnMAU8EXnzC+M2/KDd3SFmNUn1QUw1+GxWkEMwGV3iaH8ObunMlO5svzvaWlkSV0WlxJCi40NGnDVJ2XZKQ==",
      "dependencies": {
        "@lit/reactive-element": "^1.1.0",
        "lit-html": "^2.1.0"
      }
    },
    "node_modules/lit-html": {
      "version": "2.1.1",
      "resolved": "https://registry.npmjs.org/lit-html/-/lit-html-2.1.1.tgz",
      "integrity": "sha512-E4BImK6lopAYanJpvcGaAG8kQFF1ccIulPu2BRNZI7acFB6i4ujjjsnaPVFT1j/4lD9r8GKih0Y8d7/LH8SeyQ==",
      "dependencies": {
        "@types/trusted-types": "^2.0.2"
      }
    },
    "node_modules/micro-typed-events": {
      "version": "1.0.2",
      "resolved": "https://registry.npmjs.org/micro-typed-events/-/micro-typed-events-1.0.2.tgz",
      "integrity": "sha512-YfSk2bMe6P4l0m/EMKF0wAsXAAtnsu/EHJ0yvTX8TwmKVokJZQYbd8VsJ7Hy+7lSwSt0b6QHD2F0e6VciJ5a8w==",
      "engines": {
        "node": ">=8",
        "npm": ">=5"
      }
    },
    "node_modules/moving-median": {
      "version": "1.0.0",
      "resolved": "https://registry.npmjs.org/moving-median/-/moving-median-1.0.0.tgz",
      "integrity": "sha1-6xuKGZciURI0XXPigxspcYa5FOU="
    },
    "node_modules/pwa-helpers": {
      "version": "0.9.1",
      "resolved": "https://registry.npmjs.org/pwa-helpers/-/pwa-helpers-0.9.1.tgz",
      "integrity": "sha512-4sP/C9sSxQ3w80AATmvCEI3R+MHzCwr2RSZEbLyMkeJgV3cRk7ySZRUrQnBDSA7A0/z6dkYtjuXlkhN1ZFw3iA=="
    },
    "node_modules/redux": {
      "version": "4.1.0",
      "resolved": "https://registry.npmjs.org/redux/-/redux-4.1.0.tgz",
      "integrity": "sha512-uI2dQN43zqLWCt6B/BMGRMY6db7TTY4qeHHfGeKb3EOhmOKjU3KdWvNLJyqaHRksv/ErdNH7cFZWg9jXtewy4g==",
      "dependencies": {
        "@babel/runtime": "^7.9.2"
      }
    },
    "node_modules/redux-thunk": {
      "version": "2.3.0",
      "resolved": "https://registry.npmjs.org/redux-thunk/-/redux-thunk-2.3.0.tgz",
      "integrity": "sha512-km6dclyFnmcvxhAcrQV2AkZmPQjzPDjgVlQtR0EQjxZPyJ0BnMf3in1ryuR8A2qU0HldVRfxYXbFSKlI3N7Slw=="
    },
    "node_modules/regenerator-runtime": {
      "version": "0.13.7",
      "resolved": "https://registry.npmjs.org/regenerator-runtime/-/regenerator-runtime-0.13.7.tgz",
      "integrity": "sha512-a54FxoJDIr27pgf7IgeQGxmqUNYrcV338lf/6gH456HZ/PhX+5BcwHXG9ajESmwe6WRO0tAzRUrRmNONWgkrew=="
    },
    "node_modules/reselect": {
      "version": "4.0.0",
      "resolved": "https://registry.npmjs.org/reselect/-/reselect-4.0.0.tgz",
      "integrity": "sha512-qUgANli03jjAyGlnbYVAV5vvnOmJnODyABz51RdBN7M4WaVu8mecZWgyQNkG8Yqe3KRGRt0l4K4B3XVEULC4CA=="
    }
  },
  "dependencies": {
    "@babel/runtime": {
      "version": "7.14.6",
      "resolved": "https://registry.npmjs.org/@babel/runtime/-/runtime-7.14.6.tgz",
      "integrity": "sha512-/PCB2uJ7oM44tz8YhC4Z/6PeOKXp4K588f+5M3clr1M4zbqztlo0XEfJ2LEzj/FgwfgGcIdl8n7YYjTCI0BYwg==",
      "requires": {
        "regenerator-runtime": "^0.13.4"
      }
    },
    "@googlemaps/js-api-loader": {
      "version": "1.12.1",
      "resolved": "https://registry.npmjs.org/@googlemaps/js-api-loader/-/js-api-loader-1.12.1.tgz",
      "integrity": "sha512-Nmk7pKn/819zIC0QTE5eA+kNmYpODQXyoCdk17nWiqx42gcb6NQEwssAuH/Aa+HeF0+ICYf5khIxDyY5njWJdg==",
      "requires": {
        "fast-deep-equal": "^3.1.3"
      }
    },
    "@lit/reactive-element": {
      "version": "1.1.1",
      "resolved": "https://registry.npmjs.org/@lit/reactive-element/-/reactive-element-1.1.1.tgz",
      "integrity": "sha512-B2JdRMwCGv+VpIRj3CYVQBx3muPDeE8y+HPgWqzrAHsO5/40BpwDFZeplIV790BaTqDVUDvZOKMSbuFM9zWC0w=="
    },
    "@reduxjs/toolkit": {
      "version": "1.6.0",
      "resolved": "https://registry.npmjs.org/@reduxjs/toolkit/-/toolkit-1.6.0.tgz",
      "integrity": "sha512-eGL50G+Vj5AG5uD0lineb6rRtbs96M8+hxbcwkHpZ8LQcmt0Bm33WyBSnj5AweLkjQ7ZP+KFRDHiLMznljRQ3A==",
      "requires": {
        "immer": "^9.0.1",
        "redux": "^4.1.0",
        "redux-thunk": "^2.3.0",
        "reselect": "^4.0.0"
      }
    },
    "@types/arcgis-js-api": {
      "version": "4.20.0",
      "resolved": "https://registry.npmjs.org/@types/arcgis-js-api/-/arcgis-js-api-4.20.0.tgz",
      "integrity": "sha512-rUL8iy/w45tgzx3tRTHvI3njWAXbo0gCOKq1yRcbOGsMNGE01tE60/vPfNL57yv0lpbD2l81i/KLR6eqh/BIWQ==",
      "dev": true
    },
    "@types/d3-array": {
      "version": "3.0.1",
      "resolved": "https://registry.npmjs.org/@types/d3-array/-/d3-array-3.0.1.tgz",
      "integrity": "sha512-D/G7oG0czeszALrkdUiV68CDiHDxXf+M2mLVqAyKktGd12VKQQljj1sHJGBKjcK4jRH1biBd6ZPQPHpJ0mNa0w==",
      "dev": true
    },
    "@types/googlemaps": {
      "version": "3.43.3",
      "resolved": "https://registry.npmjs.org/@types/googlemaps/-/googlemaps-3.43.3.tgz",
      "integrity": "sha512-ZWNoz/O8MPEpiajvj7QiqCY8tTLFNqNZ/a+s+zTV58wFVNAvvqV4bdGfnsjTb5Cs4V6wEsLrX8XRhmnyYJ2Tdg==",
      "dev": true
    },
    "@types/trusted-types": {
      "version": "2.0.2",
      "resolved": "https://registry.npmjs.org/@types/trusted-types/-/trusted-types-2.0.2.tgz",
      "integrity": "sha512-F5DIZ36YVLE+PN+Zwws4kJogq47hNgX3Nx6WyDJ3kcplxyke3XIzB8uK5n/Lpm1HBsbGzd6nmGehL8cPekP+Tg=="
    },
    "d3-array": {
      "version": "3.0.1",
      "resolved": "https://registry.npmjs.org/d3-array/-/d3-array-3.0.1.tgz",
      "integrity": "sha512-l3Bh5o8RSoC3SBm5ix6ogaFW+J6rOUm42yOtZ2sQPCEvCqUMepeX7zgrlLLGIemxgOyo9s2CsWEidnLv5PwwRw==",
      "requires": {
        "internmap": "1 - 2"
      }
    },
    "esri-loader": {
      "version": "3.1.0",
      "resolved": "https://registry.npmjs.org/esri-loader/-/esri-loader-3.1.0.tgz",
      "integrity": "sha512-TwC9hDZxDWScXPt0nAz90aFJ10+X4Jh+cJTB2tbtWEzqibEEO50xLDkcQ0N+EHv9aRWRRxrSQssH+meqgM9sBg=="
    },
    "fast-deep-equal": {
      "version": "3.1.3",
      "resolved": "https://registry.npmjs.org/fast-deep-equal/-/fast-deep-equal-3.1.3.tgz",
      "integrity": "sha512-f3qQ9oQy9j2AhBe/H9VC91wLmKBCCU/gDOnKNAYG5hswO7BLKj09Hc5HYNz9cGI++xlpDCIgDaitVs03ATR84Q=="
    },
    "immer": {
      "version": "9.0.3",
      "resolved": "https://registry.npmjs.org/immer/-/immer-9.0.3.tgz",
      "integrity": "sha512-mONgeNSMuyjIe0lkQPa9YhdmTv8P19IeHV0biYhcXhbd5dhdB9HSK93zBpyKjp6wersSUgT5QyU0skmejUVP2A=="
    },
    "internmap": {
      "version": "1.0.1",
      "resolved": "https://registry.npmjs.org/internmap/-/internmap-1.0.1.tgz",
      "integrity": "sha512-lDB5YccMydFBtasVtxnZ3MRBHuaoE8GKsppq+EchKL2U4nK/DmEpPHNH8MZe5HkMtpSiTSOZwfN0tzYjO/lJEw=="
    },
    "lit": {
      "version": "2.1.1",
      "resolved": "https://registry.npmjs.org/lit/-/lit-2.1.1.tgz",
      "integrity": "sha512-yqDqf36IhXwOxIQSFqCMgpfvDCRdxLCLZl7m/+tO5C9W/OBHUj17qZpiMBT35v97QMVKcKEi1KZ3hZRyTwBNsQ==",
      "requires": {
        "@lit/reactive-element": "^1.1.0",
        "lit-element": "^3.1.0",
        "lit-html": "^2.1.0"
      }
    },
    "lit-element": {
      "version": "3.1.1",
      "resolved": "https://registry.npmjs.org/lit-element/-/lit-element-3.1.1.tgz",
      "integrity": "sha512-14ClnMAU8EXnzC+M2/KDd3SFmNUn1QUw1+GxWkEMwGV3iaH8ObunMlO5svzvaWlkSV0WlxJCi40NGnDVJ2XZKQ==",
      "requires": {
        "@lit/reactive-element": "^1.1.0",
        "lit-html": "^2.1.0"
      }
    },
    "lit-html": {
      "version": "2.1.1",
      "resolved": "https://registry.npmjs.org/lit-html/-/lit-html-2.1.1.tgz",
      "integrity": "sha512-E4BImK6lopAYanJpvcGaAG8kQFF1ccIulPu2BRNZI7acFB6i4ujjjsnaPVFT1j/4lD9r8GKih0Y8d7/LH8SeyQ==",
      "requires": {
        "@types/trusted-types": "^2.0.2"
      }
    },
    "micro-typed-events": {
      "version": "1.0.2",
      "resolved": "https://registry.npmjs.org/micro-typed-events/-/micro-typed-events-1.0.2.tgz",
      "integrity": "sha512-YfSk2bMe6P4l0m/EMKF0wAsXAAtnsu/EHJ0yvTX8TwmKVokJZQYbd8VsJ7Hy+7lSwSt0b6QHD2F0e6VciJ5a8w=="
    },
    "moving-median": {
      "version": "1.0.0",
      "resolved": "https://registry.npmjs.org/moving-median/-/moving-median-1.0.0.tgz",
      "integrity": "sha1-6xuKGZciURI0XXPigxspcYa5FOU="
    },
    "pwa-helpers": {
      "version": "0.9.1",
      "resolved": "https://registry.npmjs.org/pwa-helpers/-/pwa-helpers-0.9.1.tgz",
      "integrity": "sha512-4sP/C9sSxQ3w80AATmvCEI3R+MHzCwr2RSZEbLyMkeJgV3cRk7ySZRUrQnBDSA7A0/z6dkYtjuXlkhN1ZFw3iA=="
    },
    "redux": {
      "version": "4.1.0",
      "resolved": "https://registry.npmjs.org/redux/-/redux-4.1.0.tgz",
      "integrity": "sha512-uI2dQN43zqLWCt6B/BMGRMY6db7TTY4qeHHfGeKb3EOhmOKjU3KdWvNLJyqaHRksv/ErdNH7cFZWg9jXtewy4g==",
      "requires": {
        "@babel/runtime": "^7.9.2"
      }
    },
    "redux-thunk": {
      "version": "2.3.0",
      "resolved": "https://registry.npmjs.org/redux-thunk/-/redux-thunk-2.3.0.tgz",
      "integrity": "sha512-km6dclyFnmcvxhAcrQV2AkZmPQjzPDjgVlQtR0EQjxZPyJ0BnMf3in1ryuR8A2qU0HldVRfxYXbFSKlI3N7Slw=="
    },
    "regenerator-runtime": {
      "version": "0.13.7",
      "resolved": "https://registry.npmjs.org/regenerator-runtime/-/regenerator-runtime-0.13.7.tgz",
      "integrity": "sha512-a54FxoJDIr27pgf7IgeQGxmqUNYrcV338lf/6gH456HZ/PhX+5BcwHXG9ajESmwe6WRO0tAzRUrRmNONWgkrew=="
    },
    "reselect": {
      "version": "4.0.0",
      "resolved": "https://registry.npmjs.org/reselect/-/reselect-4.0.0.tgz",
      "integrity": "sha512-qUgANli03jjAyGlnbYVAV5vvnOmJnODyABz51RdBN7M4WaVu8mecZWgyQNkG8Yqe3KRGRt0l4K4B3XVEULC4CA=="
    }
  }
}
