{
  "name": "@flyxc/optimizer",
  "version": "0.0.1",
  "lockfileVersion": 3,
  "requires": true,
  "packages": {
    "": {
      "name": "@flyxc/optimizer",
      "version": "0.0.1",
      "dependencies": {
        "@eslint/js": "9.35.0",
        "igc-parser": "^2.0.0",
        "igc-xc-score": "^1.7.0",
        "jsonc-eslint-parser": "2.4.0",
        "tslib": "^2.3.0"
      }
    },
    "node_modules/@eslint/js": {
      "version": "9.35.0",
      "resolved": "https://registry.npmjs.org/@eslint/js/-/js-9.35.0.tgz",
      "integrity": "sha512-30iXE9whjlILfWobBkNerJo+TXYsgVM5ERQwMcMKCHckHflCmf7wXDAHlARoWnh0s1U72WqlbeyE7iAcCzuCPw==",
      "license": "MIT",
      "engines": {
        "node": "^18.18.0 || ^20.9.0 || >=21.1.0"
      },
      "funding": {
        "url": "https://eslint.org/donate"
      }
    },
    "node_modules/acorn": {
      "version": "8.15.0",
      "resolved": "https://registry.npmjs.org/acorn/-/acorn-8.15.0.tgz",
      "integrity": "sha512-NZyJarBfL7nWwIq+FDL6Zp/yHEhePMNnnJ0y3qfieCrmNvYct8uvtiV41UvlSe6apAfk0fY1FbWx+NwfmpvtTg==",
      "license": "MIT",
      "bin": {
        "acorn": "bin/acorn"
      },
      "engines": {
        "node": ">=0.4.0"
      }
    },
    "node_modules/acorn-jsx": {
      "version": "5.3.2",
      "resolved": "https://registry.npmjs.org/acorn-jsx/-/acorn-jsx-5.3.2.tgz",
      "integrity": "sha512-rq9s+JNhf0IChjtDXxllJ7g41oZk5SlXtp0LHwyA5cejwn7vKmKp4pPri6YEePv2PU65sAsegbXtIinmDFDXgQ==",
      "license": "MIT",
      "peerDependencies": {
        "acorn": "^6.0.0 || ^7.0.0 || ^8.0.0"
      }
    },
    "node_modules/collections": {
      "version": "5.1.13",
      "resolved": "https://registry.npmjs.org/collections/-/collections-5.1.13.tgz",
      "integrity": "sha512-SCb6Qd+d3Z02corWQ7/mqXiXeeTdHvkP6TeFSYfGYdCFp1WrjSNZ3j6y8Y3T/7osGEe0iOcU2g1d346l99m4Lg==",
      "license": "BSD-3-Clause",
      "dependencies": {
        "weak-map": "~1.0.x"
      }
    },
    "node_modules/eslint-visitor-keys": {
      "version": "3.4.3",
      "resolved": "https://registry.npmjs.org/eslint-visitor-keys/-/eslint-visitor-keys-3.4.3.tgz",
      "integrity": "sha512-wpc+LXeiyiisxPlEkUzU6svyS1frIO3Mgxj1fdy7Pm8Ygzguax2N3Fa/D/ag1WqbOprdI+uY6wMUl8/a2G+iag==",
      "license": "Apache-2.0",
      "engines": {
        "node": "^12.22.0 || ^14.17.0 || >=16.0.0"
      },
      "funding": {
        "url": "https://opencollective.com/eslint"
      }
    },
    "node_modules/espree": {
      "version": "9.6.1",
      "resolved": "https://registry.npmjs.org/espree/-/espree-9.6.1.tgz",
      "integrity": "sha512-oruZaFkjorTpF32kDSI5/75ViwGeZginGGy2NoOSg3Q9bnwlnmDm4HLnkl0RE3n+njDXR037aY1+x58Z/zFdwQ==",
      "license": "BSD-2-Clause",
      "dependencies": {
        "acorn": "^8.9.0",
        "acorn-jsx": "^5.3.2",
        "eslint-visitor-keys": "^3.4.1"
      },
      "engines": {
        "node": "^12.22.0 || ^14.17.0 || >=16.0.0"
      },
      "funding": {
        "url": "https://opencollective.com/eslint"
      }
    },
    "node_modules/flatbush": {
      "version": "4.5.0",
      "resolved": "https://registry.npmjs.org/flatbush/-/flatbush-4.5.0.tgz",
      "integrity": "sha512-K7JSilGr4lySRLdJqKY45fu0m/dIs6YAAu/ESqdMsnW3pI0m3gpa6oRc6NDXW161Ov9+rIQjsuyOt5ObdIfgwg==",
      "license": "ISC",
      "dependencies": {
        "flatqueue": "^3.0.0"
      }
    },
    "node_modules/flatqueue": {
      "version": "3.0.0",
      "resolved": "https://registry.npmjs.org/flatqueue/-/flatqueue-3.0.0.tgz",
      "integrity": "sha512-y1deYaVt+lIc/d2uIcWDNd0CrdQTO5xoCjeFdhX0kSXvm2Acm0o+3bAOiYklTEoRyzwio3sv3/IiBZdusbAe2Q==",
      "license": "ISC"
    },
    "node_modules/flight-recorder-manufacturers": {
      "version": "2.0.0",
      "resolved": "https://registry.npmjs.org/flight-recorder-manufacturers/-/flight-recorder-manufacturers-2.0.0.tgz",
      "integrity": "sha512-FhSY7XslPkhYGdBBVRLLExoKqiLWbKuxPEx3O3a443hp8VOrcvE+ibibigVplQbaNipVG3pSPTZPTFJPIfcO8Q==",
      "license": "MIT",
      "engines": {
        "node": ">=12"
      }
    },
    "node_modules/igc-parser": {
      "version": "2.0.0",
      "resolved": "https://registry.npmjs.org/igc-parser/-/igc-parser-2.0.0.tgz",
      "integrity": "sha512-bsJZjPaZRmT8ElFvNgsn5p5rNV6KLilQaRt4fvspufvHeHoeAWpZqsm2UBlwxTnapxnYmhRwaCazZELY4H01BA==",
      "license": "MIT",
      "dependencies": {
        "flight-recorder-manufacturers": "^2.0.0"
      },
      "engines": {
        "node": ">=12"
      }
    },
    "node_modules/igc-xc-score": {
      "version": "1.8.0",
      "resolved": "https://registry.npmjs.org/igc-xc-score/-/igc-xc-score-1.8.0.tgz",
      "integrity": "sha512-2rZS8/4DB6Dcn+KFMhjwW9Rm2nUC6GE3t2tOoAmIONjIPVP4ok59APqgLjXMOEOJvmodQpQc2QlQOGgQ75ML+A==",
      "license": "LGPL-3.0-or-later",
      "dependencies": {
        "collections": "^5.1.13",
        "flatbush": "^4.2.0",
        "igc-parser": "^1.1.0",
        "rbush": "^4.0.0"
      },
      "bin": {
        "igc-xc-score": "dist/igc-xc-score.cjs"
      },
      "engines": {
        "node": ">=18"
      }
    },
    "node_modules/igc-xc-score/node_modules/igc-parser": {
      "version": "1.1.0",
      "resolved": "https://registry.npmjs.org/igc-parser/-/igc-parser-1.1.0.tgz",
      "integrity": "sha512-CJGWiCcCCxNSI3Pt0zbllHNekEp2NOVCgDysg5/7FuW/uXUUDiW+AcZWSwRwvtRQxnYf+Sn7mQmYKLWQfVSATA==",
      "license": "MIT",
      "dependencies": {
        "flight-recorder-manufacturers": "^2.0.0"
      },
      "engines": {
        "node": ">=12"
      }
    },
    "node_modules/jsonc-eslint-parser": {
      "version": "2.4.0",
      "resolved": "https://registry.npmjs.org/jsonc-eslint-parser/-/jsonc-eslint-parser-2.4.0.tgz",
      "integrity": "sha512-WYDyuc/uFcGp6YtM2H0uKmUwieOuzeE/5YocFJLnLfclZ4inf3mRn8ZVy1s7Hxji7Jxm6Ss8gqpexD/GlKoGgg==",
      "license": "MIT",
      "dependencies": {
        "acorn": "^8.5.0",
        "eslint-visitor-keys": "^3.0.0",
        "espree": "^9.0.0",
        "semver": "^7.3.5"
      },
      "engines": {
        "node": "^12.22.0 || ^14.17.0 || >=16.0.0"
      },
      "funding": {
        "url": "https://github.com/sponsors/ota-meshi"
      }
    },
    "node_modules/quickselect": {
      "version": "3.0.0",
      "resolved": "https://registry.npmjs.org/quickselect/-/quickselect-3.0.0.tgz",
      "integrity": "sha512-XdjUArbK4Bm5fLLvlm5KpTFOiOThgfWWI4axAZDWg4E/0mKdZyI9tNEfds27qCi1ze/vwTR16kvmmGhRra3c2g==",
      "license": "ISC"
    },
    "node_modules/rbush": {
      "version": "4.0.1",
      "resolved": "https://registry.npmjs.org/rbush/-/rbush-4.0.1.tgz",
      "integrity": "sha512-IP0UpfeWQujYC8Jg162rMNc01Rf0gWMMAb2Uxus/Q0qOFw4lCcq6ZnQEZwUoJqWyUGJ9th7JjwI4yIWo+uvoAQ==",
      "license": "MIT",
      "dependencies": {
        "quickselect": "^3.0.0"
      }
    },
    "node_modules/semver": {
      "version": "7.7.2",
      "resolved": "https://registry.npmjs.org/semver/-/semver-7.7.2.tgz",
      "integrity": "sha512-RF0Fw+rO5AMf9MAyaRXI4AV0Ulj5lMHqVxxdSgiVbixSCXoEmmX/jk0CuJw4+3SqroYO9VoUh+HcuJivvtJemA==",
      "license": "ISC",
      "bin": {
        "semver": "bin/semver.js"
      },
      "engines": {
        "node": ">=10"
      }
    },
    "node_modules/tslib": {
      "version": "2.8.1",
      "resolved": "https://registry.npmjs.org/tslib/-/tslib-2.8.1.tgz",
      "integrity": "sha512-oJFu94HQb+KVduSUQL7wnpmqnfmLsOA/nAh6b6EH0wCEoK0/mPeXU6c3wKDV83MkOuHPRHtSXKKU99IBazS/2w==",
      "license": "0BSD"
    },
    "node_modules/weak-map": {
      "version": "1.0.8",
      "resolved": "https://registry.npmjs.org/weak-map/-/weak-map-1.0.8.tgz",
      "integrity": "sha512-lNR9aAefbGPpHO7AEnY0hCFjz1eTkWCXYvkTRrTHs9qv8zJp+SkVYpzfLIFXQQiG3tVvbNFQgVg2bQS8YGgxyw==",
      "license": "Apache-2.0"
    }
  }
}
